<?xml version="1.0" encoding="utf-8"?>
<Project ToolsVersion="4.0" xmlns="http://schemas.microsoft.com/developer/msbuild/2003">
  <ItemGroup>
    <Filter Include="源文件">
      <UniqueIdentifier>{4FC737F1-C7A5-4376-A066-2A32D752A2FF}</UniqueIdentifier>
      <Extensions>cpp;c;cc;cxx;def;odl;idl;hpj;bat;asm;asmx</Extensions>
    </Filter>
    <Filter Include="头文件">
      <UniqueIdentifier>{93995380-89BD-4b04-88EB-625FBE52EBFB}</UniqueIdentifier>
      <Extensions>h;hh;hpp;hxx;hm;inl;inc;xsd</Extensions>
    </Filter>
    <Filter Include="资源文件">
      <UniqueIdentifier>{67DA6AB6-F800-4c08-8B7A-83BB121AAD01}</UniqueIdentifier>
      <Extensions>rc;ico;cur;bmp;dlg;rc2;rct;bin;rgs;gif;jpg;jpeg;jpe;resx;tiff;tif;png;wav;mfcribbon-ms</Extensions>
    </Filter>
    <Filter Include="Dx11">
      <UniqueIdentifier>{eada009a-9fb4-4a4b-8c3c-b0c4d8cfa7e0}</UniqueIdentifier>
    </Filter>
    <Filter Include="Base">
      <UniqueIdentifier>{2be98939-0b7b-4a6a-bff9-cc28e9e5c3df}</UniqueIdentifier>
    </Filter>
    <Filter Include="ImGui">
      <UniqueIdentifier>{31a9ecff-b013-40e4-acbc-896c1a3b34db}</UniqueIdentifier>
    </Filter>
    <Filter Include="Math">
      <UniqueIdentifier>{e060c92d-072e-438b-9382-aff188e4a0b8}</UniqueIdentifier>
    </Filter>
    <Filter Include="Windows">
      <UniqueIdentifier>{d9f5ae42-039f-4abb-9157-d1516169f78e}</UniqueIdentifier>
    </Filter>
    <Filter Include="Windows\Event">
      <UniqueIdentifier>{1ed0805c-cd5f-456b-9875-368d91b79f64}</UniqueIdentifier>
    </Filter>
    <Filter Include="UI">
      <UniqueIdentifier>{bc4d1640-c387-49e1-8f24-147b3522fe53}</UniqueIdentifier>
    </Filter>
    <Filter Include="Base\Material">
      <UniqueIdentifier>{bbba217c-0ab6-4d1a-9495-cd8976090686}</UniqueIdentifier>
    </Filter>
    <Filter Include="Graphics">
      <UniqueIdentifier>{8bfe0a21-3cb2-4791-be42-f3828f9986de}</UniqueIdentifier>
    </Filter>
    <Filter Include="Sample">
      <UniqueIdentifier>{39ee117d-657e-4b32-a48f-08938dcb2c1c}</UniqueIdentifier>
    </Filter>
    <Filter Include="Scene">
      <UniqueIdentifier>{cd881297-244b-48d4-ad2b-d8060b807da2}</UniqueIdentifier>
    </Filter>
    <Filter Include="Environment">
      <UniqueIdentifier>{ac8df54c-8b62-43ae-978d-dc1c050c07fe}</UniqueIdentifier>
    </Filter>
    <Filter Include="Environment\Atmosphere">
      <UniqueIdentifier>{9e5a3939-1929-4290-8885-c760166aa988}</UniqueIdentifier>
    </Filter>
    <Filter Include="Math\Dimensional">
      <UniqueIdentifier>{a072f138-b783-4e51-a730-ad732c2c4ea8}</UniqueIdentifier>
    </Filter>
    <Filter Include="Environment\Atmosphere\Reference">
      <UniqueIdentifier>{2c2fbbf7-30bd-4c62-b1aa-c8051e73f0ba}</UniqueIdentifier>
    </Filter>
    <Filter Include="Shader">
      <UniqueIdentifier>{f30f4ccd-5348-4eb5-928f-56e4d446dab3}</UniqueIdentifier>
    </Filter>
    <Filter Include="SDK">
      <UniqueIdentifier>{f854e34c-eb32-400f-9592-0a793d1d48d3}</UniqueIdentifier>
    </Filter>
    <Filter Include="Thread">
      <UniqueIdentifier>{b01e7052-6de4-41bf-aec8-dd19fe56d5e3}</UniqueIdentifier>
    </Filter>
    <Filter Include="Physics">
      <UniqueIdentifier>{67a17af3-5566-41ea-9cdd-6e9190f28669}</UniqueIdentifier>
    </Filter>
    <Filter Include="Physics\MassSpringSystems">
      <UniqueIdentifier>{af1ce9e1-60ba-4d6c-b47e-8c92dd17ee40}</UniqueIdentifier>
    </Filter>
    <Filter Include="Sample\Exr Sample">
      <UniqueIdentifier>{ce356d5d-2e72-422e-95da-05f38835720a}</UniqueIdentifier>
    </Filter>
  </ItemGroup>
  <ItemGroup>
    <Text Include="ReadMe.txt" />
  </ItemGroup>
  <ItemGroup>
    <ClInclude Include="stdafx.h">
      <Filter>头文件</Filter>
    </ClInclude>
    <ClInclude Include="targetver.h">
      <Filter>头文件</Filter>
    </ClInclude>
    <ClInclude Include="Base\Singleton.h">
      <Filter>Base</Filter>
    </ClInclude>
    <ClInclude Include="Base\miniz.h">
      <Filter>Base</Filter>
    </ClInclude>
    <ClInclude Include="Base\ofbx.h">
      <Filter>Base</Filter>
    </ClInclude>
    <ClInclude Include="ImGui\imconfig.h">
      <Filter>ImGui</Filter>
    </ClInclude>
    <ClInclude Include="ImGui\imgui.h">
      <Filter>ImGui</Filter>
    </ClInclude>
    <ClInclude Include="ImGui\imgui_internal.h">
      <Filter>ImGui</Filter>
    </ClInclude>
    <ClInclude Include="ImGui\stb_rect_pack.h">
      <Filter>ImGui</Filter>
    </ClInclude>
    <ClInclude Include="ImGui\stb_textedit.h">
      <Filter>ImGui</Filter>
    </ClInclude>
    <ClInclude Include="ImGui\stb_truetype.h">
      <Filter>ImGui</Filter>
    </ClInclude>
    <ClInclude Include="Windows\IWindowProc.h">
      <Filter>Windows</Filter>
    </ClInclude>
    <ClInclude Include="Windows\RenderWindow.h">
      <Filter>Windows</Filter>
    </ClInclude>
    <ClInclude Include="Windows\Win32RenderWindow.h">
      <Filter>Windows</Filter>
    </ClInclude>
    <ClInclude Include="DX11\imgui_impl_dx11.h">
      <Filter>Dx11</Filter>
    </ClInclude>
    <ClInclude Include="Windows\AssetsDirectoryManager.h">
      <Filter>Windows</Filter>
    </ClInclude>
    <ClInclude Include="UI\AssetsDirectoryViewUI.h">
      <Filter>UI</Filter>
    </ClInclude>
    <ClInclude Include="UI\UIRoot.h">
      <Filter>UI</Filter>
    </ClInclude>
    <ClInclude Include="Windows\FileSystemWatcher.h">
      <Filter>Windows</Filter>
    </ClInclude>
    <ClInclude Include="Base\LogManager.h">
      <Filter>Base</Filter>
    </ClInclude>
    <ClInclude Include="UI\LogUI.h">
      <Filter>UI</Filter>
    </ClInclude>
    <ClInclude Include="DX11\IResourceDX11.h">
      <Filter>Dx11</Filter>
    </ClInclude>
    <ClInclude Include="Base\MaterialParse.h">
      <Filter>Base\Material</Filter>
    </ClInclude>
    <ClInclude Include="Base\Resource.h">
      <Filter>Base</Filter>
    </ClInclude>
    <ClInclude Include="Base\HLSLResource.h">
      <Filter>Base</Filter>
    </ClInclude>
    <ClInclude Include="Base\ResourceManager.h">
      <Filter>Base</Filter>
    </ClInclude>
    <ClInclude Include="Base\IResourceFactory.h">
      <Filter>Base</Filter>
    </ClInclude>
    <ClInclude Include="Base\HLSLResourceFactory.h">
      <Filter>Base</Filter>
    </ClInclude>
    <ClInclude Include="Base\MaterialResource.h">
      <Filter>Base</Filter>
    </ClInclude>
    <ClInclude Include="Base\MaterialResourceFactory.h">
      <Filter>Base</Filter>
    </ClInclude>
    <ClInclude Include="Base\TextureResource.h">
      <Filter>Base</Filter>
    </ClInclude>
    <ClInclude Include="UI\AssetsPropertyPanelUI.h">
      <Filter>UI</Filter>
    </ClInclude>
    <ClInclude Include="UI\ISelectPropertyUI.h">
      <Filter>UI</Filter>
    </ClInclude>
    <ClInclude Include="UI\TextureSelectPropertyUI.h">
      <Filter>UI</Filter>
    </ClInclude>
    <ClInclude Include="DX11\TextureDX11ResourceFactory.h">
      <Filter>Dx11</Filter>
    </ClInclude>
    <ClInclude Include="Base\CharacterTools.h">
      <Filter>Base</Filter>
    </ClInclude>
    <ClInclude Include="DX11\Texture2dDX11.h">
      <Filter>Dx11</Filter>
    </ClInclude>
    <ClInclude Include="DX11\TextureCubeMapDX11.h">
      <Filter>Dx11</Filter>
    </ClInclude>
    <ClInclude Include="DX11\Texture2dConfigDX11.h">
      <Filter>Dx11</Filter>
    </ClInclude>
    <ClInclude Include="Graphics\IRenderable.h">
      <Filter>Graphics</Filter>
    </ClInclude>
    <ClInclude Include="Graphics\Task.h">
      <Filter>Graphics</Filter>
    </ClInclude>
    <ClInclude Include="DX11\RenderStateDX11.h">
      <Filter>Dx11</Filter>
    </ClInclude>
    <ClInclude Include="Graphics\ClearRenderTargetPass.h">
      <Filter>Graphics</Filter>
    </ClInclude>
    <ClInclude Include="Graphics\AABB.h">
      <Filter>Graphics</Filter>
    </ClInclude>
    <ClInclude Include="Graphics\Camera.h">
      <Filter>Graphics</Filter>
    </ClInclude>
    <ClInclude Include="Graphics\Frustum.h">
      <Filter>Graphics</Filter>
    </ClInclude>
    <ClInclude Include="Graphics\RenderPass.h">
      <Filter>Graphics</Filter>
    </ClInclude>
    <ClInclude Include="Graphics\ScreenSpaceRenderPass.h">
      <Filter>Graphics</Filter>
    </ClInclude>
    <ClInclude Include="Graphics\SDKMesh.h">
      <Filter>Graphics</Filter>
    </ClInclude>
    <ClInclude Include="Math\Matrix3x3.h">
      <Filter>Math</Filter>
    </ClInclude>
    <ClInclude Include="Math\Matrix4x4.h">
      <Filter>Math</Filter>
    </ClInclude>
    <ClInclude Include="Math\Plane.h">
      <Filter>Math</Filter>
    </ClInclude>
    <ClInclude Include="Math\Quaternion.h">
      <Filter>Math</Filter>
    </ClInclude>
    <ClInclude Include="Math\Vector2.h">
      <Filter>Math</Filter>
    </ClInclude>
    <ClInclude Include="Math\Vector3.h">
      <Filter>Math</Filter>
    </ClInclude>
    <ClInclude Include="Math\Vector4.h">
      <Filter>Math</Filter>
    </ClInclude>
    <ClInclude Include="Sample\ComputerShaderProcessTexture.h">
      <Filter>Sample</Filter>
    </ClInclude>
    <ClInclude Include="Sample\GPUParticleSample.h">
      <Filter>Sample</Filter>
    </ClInclude>
    <ClInclude Include="Sample\HeightMapTerrain.h">
      <Filter>Sample</Filter>
    </ClInclude>
    <ClInclude Include="Sample\OutDoorScene.h">
      <Filter>Sample</Filter>
    </ClInclude>
    <ClInclude Include="Sample\SampleBase.h">
      <Filter>Sample</Filter>
    </ClInclude>
    <ClInclude Include="Sample\SampleManager.h">
      <Filter>Sample</Filter>
    </ClInclude>
    <ClInclude Include="Sample\TestSample.h">
      <Filter>Sample</Filter>
    </ClInclude>
    <ClInclude Include="Scene\SceneNode.h">
      <Filter>Scene</Filter>
    </ClInclude>
    <ClInclude Include="Windows\KeyCodes.h">
      <Filter>Windows</Filter>
    </ClInclude>
    <ClInclude Include="DX11\BufferManagerDX11.h">
      <Filter>Dx11</Filter>
    </ClInclude>
    <ClInclude Include="DX11\ConstantBufferDX11.h">
      <Filter>Dx11</Filter>
    </ClInclude>
    <ClInclude Include="DX11\GeometryDX11.h">
      <Filter>Dx11</Filter>
    </ClInclude>
    <ClInclude Include="DX11\MaterialDX11.h">
      <Filter>Dx11</Filter>
    </ClInclude>
    <ClInclude Include="DX11\MeshDX11.h">
      <Filter>Dx11</Filter>
    </ClInclude>
    <ClInclude Include="DX11\ModelDX11.h">
      <Filter>Dx11</Filter>
    </ClInclude>
    <ClInclude Include="DX11\QueryDX11.h">
      <Filter>Dx11</Filter>
    </ClInclude>
    <ClInclude Include="DX11\RendererDX11.h">
      <Filter>Dx11</Filter>
    </ClInclude>
    <ClInclude Include="DX11\RenderTargetDX11.h">
      <Filter>Dx11</Filter>
    </ClInclude>
    <ClInclude Include="DX11\ShaderDX11.h">
      <Filter>Dx11</Filter>
    </ClInclude>
    <ClInclude Include="DX11\ShaderParameterDX11.h">
      <Filter>Dx11</Filter>
    </ClInclude>
    <ClInclude Include="DX11\StructuredBufferDX11.h">
      <Filter>Dx11</Filter>
    </ClInclude>
    <ClInclude Include="DX11\SubMeshDX11.h">
      <Filter>Dx11</Filter>
    </ClInclude>
    <ClInclude Include="Base\EventManager.h">
      <Filter>Base</Filter>
    </ClInclude>
    <ClInclude Include="Base\IEventListener.h">
      <Filter>Base</Filter>
    </ClInclude>
    <ClInclude Include="Base\Query.h">
      <Filter>Base</Filter>
    </ClInclude>
    <ClInclude Include="Base\Timer.h">
      <Filter>Base</Filter>
    </ClInclude>
    <ClInclude Include="Base\VertexStruct.h">
      <Filter>Base</Filter>
    </ClInclude>
    <ClInclude Include="Base\Visitor.h">
      <Filter>Base</Filter>
    </ClInclude>
    <ClInclude Include="Base\RenderState.h">
      <Filter>Base</Filter>
    </ClInclude>
    <ClInclude Include="Graphics\RenderPipeline.h">
      <Filter>Graphics</Filter>
    </ClInclude>
    <ClInclude Include="Base\Material.h">
      <Filter>Base\Material</Filter>
    </ClInclude>
    <ClInclude Include="DX11\HLSLDX11Resource.h">
      <Filter>Dx11</Filter>
    </ClInclude>
    <ClInclude Include="DX11\HLSLDX11Factory.h">
      <Filter>Dx11</Filter>
    </ClInclude>
    <ClInclude Include="LightDefine.h">
      <Filter>Graphics</Filter>
    </ClInclude>
    <ClInclude Include="Graphics\DeferredRenderLightPass.h">
      <Filter>Graphics</Filter>
    </ClInclude>
    <ClInclude Include="Sample\SkySample.h">
      <Filter>Sample</Filter>
    </ClInclude>
    <ClInclude Include="Environment\Atmosphere\Constants.h">
      <Filter>Environment\Atmosphere</Filter>
    </ClInclude>
    <ClInclude Include="Math\Dimensional\angle.h">
      <Filter>Math\Dimensional</Filter>
    </ClInclude>
    <ClInclude Include="Math\Dimensional\binary_function.h">
      <Filter>Math\Dimensional</Filter>
    </ClInclude>
    <ClInclude Include="Math\Dimensional\function.h">
      <Filter>Math\Dimensional</Filter>
    </ClInclude>
    <ClInclude Include="Math\Dimensional\matrix.h">
      <Filter>Math\Dimensional</Filter>
    </ClInclude>
    <ClInclude Include="Math\Dimensional\scalar.h">
      <Filter>Math\Dimensional</Filter>
    </ClInclude>
    <ClInclude Include="Math\Dimensional\scalar_function.h">
      <Filter>Math\Dimensional</Filter>
    </ClInclude>
    <ClInclude Include="Math\Dimensional\ternary_function.h">
      <Filter>Math\Dimensional</Filter>
    </ClInclude>
    <ClInclude Include="Math\Dimensional\vector.h">
      <Filter>Math\Dimensional</Filter>
    </ClInclude>
    <ClInclude Include="Environment\Atmosphere\Definitions.h">
      <Filter>头文件</Filter>
    </ClInclude>
    <ClInclude Include="Environment\Atmosphere\Reference\Definitions.h">
      <Filter>Environment\Atmosphere\Reference</Filter>
    </ClInclude>
    <ClInclude Include="Environment\Atmosphere\Reference\Functions.h">
      <Filter>Environment\Atmosphere\Reference</Filter>
    </ClInclude>
    <ClInclude Include="Math\Dimensional\test_case.h">
      <Filter>Math\Dimensional</Filter>
    </ClInclude>
    <ClInclude Include="Environment\Atmosphere\Reference\SkyRenderCPUTest.h">
      <Filter>Environment\Atmosphere\Reference</Filter>
    </ClInclude>
    <ClInclude Include="SDK\minpng.h">
      <Filter>SDK</Filter>
    </ClInclude>
    <ClInclude Include="SDK\coroutine.h">
      <Filter>SDK</Filter>
    </ClInclude>
    <ClInclude Include="Environment\Atmosphere\Reference\Model.h">
      <Filter>Environment\Atmosphere\Reference</Filter>
    </ClInclude>
    <ClInclude Include="Environment\Atmosphere\Model.h">
      <Filter>Environment\Atmosphere</Filter>
    </ClInclude>
    <ClInclude Include="DX11\Texture3dConfigDX11.h">
      <Filter>Dx11</Filter>
    </ClInclude>
    <ClInclude Include="DX11\Texture3dDX11.h">
      <Filter>Dx11</Filter>
    </ClInclude>
    <ClInclude Include="Environment\Atmosphere\Reference\SkyRenderGPUTest.h">
      <Filter>Environment\Atmosphere\Reference</Filter>
    </ClInclude>
    <ClInclude Include="Environment\Atmosphere\Reference\SkyRenderTest.h">
      <Filter>Environment\Atmosphere\Reference</Filter>
    </ClInclude>
    <ClInclude Include="Sample\Dxt5NMEncodeSample.h">
      <Filter>Sample</Filter>
    </ClInclude>
    <ClInclude Include="SDK\TGAImage.h">
      <Filter>SDK</Filter>
    </ClInclude>
    <ClInclude Include="Base\HDRLoader.h">
      <Filter>Base</Filter>
    </ClInclude>
    <ClInclude Include="Sample\PreFilterEnvMapSample.h">
      <Filter>Sample</Filter>
    </ClInclude>
    <ClInclude Include="Graphics\GeometryGenerator.h">
      <Filter>Graphics</Filter>
    </ClInclude>
    <ClInclude Include="DX11\DirectXTexEXR.h">
      <Filter>Dx11</Filter>
    </ClInclude>
    <ClInclude Include="Sample\ExrFileIOSample.h">
      <Filter>Sample</Filter>
    </ClInclude>
    <ClInclude Include="Sample\Exr Sample\drawImage.h">
      <Filter>Sample\Exr Sample</Filter>
    </ClInclude>
    <ClInclude Include="Sample\Exr Sample\rgbaInterfaceTiledExamples.h">
      <Filter>Sample\Exr Sample</Filter>
    </ClInclude>
    <ClInclude Include="Sample\Exr Sample\namespaceAlias.h">
      <Filter>Sample\Exr Sample</Filter>
    </ClInclude>
    <ClInclude Include="SDK\TGAImageExt.h">
      <Filter>SDK</Filter>
    </ClInclude>
    <ClInclude Include="Sample\TGALoaderSample.h">
      <Filter>Sample</Filter>
    </ClInclude>
  </ItemGroup>
  <ItemGroup>
    <ClCompile Include="stdafx.cpp">
      <Filter>源文件</Filter>
    </ClCompile>
    <ClCompile Include="Apollo.cpp">
      <Filter>源文件</Filter>
    </ClCompile>
    <ClCompile Include="Base\ofbx.cpp">
      <Filter>Base</Filter>
    </ClCompile>
    <ClCompile Include="Base\miniz.cpp">
      <Filter>Base</Filter>
    </ClCompile>
    <ClCompile Include="ImGui\imgui.cpp">
      <Filter>ImGui</Filter>
    </ClCompile>
    <ClCompile Include="ImGui\imgui_demo.cpp">
      <Filter>ImGui</Filter>
    </ClCompile>
    <ClCompile Include="ImGui\imgui_draw.cpp">
      <Filter>ImGui</Filter>
    </ClCompile>
    <ClCompile Include="Windows\RenderWindow.cpp">
      <Filter>Windows</Filter>
    </ClCompile>
    <ClCompile Include="Windows\Win32RenderWindow.cpp">
      <Filter>Windows</Filter>
    </ClCompile>
    <ClCompile Include="DX11\imgui_impl_dx11.cpp">
      <Filter>Dx11</Filter>
    </ClCompile>
    <ClCompile Include="Windows\AssetsDirectoryManager.cpp">
      <Filter>Windows</Filter>
    </ClCompile>
    <ClCompile Include="UI\AssetsDirectoryViewUI.cpp">
      <Filter>UI</Filter>
    </ClCompile>
    <ClCompile Include="UI\UIRoot.cpp">
      <Filter>UI</Filter>
    </ClCompile>
    <ClCompile Include="Windows\FileSystemWatcher.cpp">
      <Filter>Windows</Filter>
    </ClCompile>
    <ClCompile Include="Base\LogManager.cpp">
      <Filter>Base</Filter>
    </ClCompile>
    <ClCompile Include="UI\LogUI.cpp">
      <Filter>UI</Filter>
    </ClCompile>
    <ClCompile Include="Base\MaterialParse.cpp">
      <Filter>Base\Material</Filter>
    </ClCompile>
    <ClCompile Include="Base\ResourceManager.cpp">
      <Filter>Base</Filter>
    </ClCompile>
    <ClCompile Include="Base\HLSLResourceFactory.cpp">
      <Filter>Base</Filter>
    </ClCompile>
    <ClCompile Include="Base\MaterialResourceFactory.cpp">
      <Filter>Base</Filter>
    </ClCompile>
    <ClCompile Include="UI\AssetsPropertyPanelUI.cpp">
      <Filter>UI</Filter>
    </ClCompile>
    <ClCompile Include="UI\TextureSelectPropertyUI.cpp">
      <Filter>UI</Filter>
    </ClCompile>
    <ClCompile Include="Base\CharacterTools.cpp">
      <Filter>Base</Filter>
    </ClCompile>
    <ClCompile Include="DX11\TextureDX11ResourceFactory.cpp">
      <Filter>Dx11</Filter>
    </ClCompile>
    <ClCompile Include="DX11\Texture2dDX11.cpp">
      <Filter>Dx11</Filter>
    </ClCompile>
    <ClCompile Include="DX11\TextureCubeMapDX11.cpp">
      <Filter>Dx11</Filter>
    </ClCompile>
    <ClCompile Include="DX11\Texture2dConfigDX11.cpp">
      <Filter>Dx11</Filter>
    </ClCompile>
    <ClCompile Include="DX11\RenderStateDX11.cpp">
      <Filter>Dx11</Filter>
    </ClCompile>
    <ClCompile Include="Math\Matrix4x4.cpp">
      <Filter>Math</Filter>
    </ClCompile>
    <ClCompile Include="Math\Matrix3x3.cpp">
      <Filter>Math</Filter>
    </ClCompile>
    <ClCompile Include="Sample\OutDoorScene.cpp">
      <Filter>Sample</Filter>
    </ClCompile>
    <ClCompile Include="DX11\ModelDX11.cpp">
      <Filter>Dx11</Filter>
    </ClCompile>
    <ClCompile Include="DX11\MeshDX11.cpp">
      <Filter>Dx11</Filter>
    </ClCompile>
    <ClCompile Include="DX11\MaterialDX11.cpp">
      <Filter>Dx11</Filter>
    </ClCompile>
    <ClCompile Include="DX11\QueryDX11.cpp">
      <Filter>Dx11</Filter>
    </ClCompile>
    <ClCompile Include="DX11\RendererDX11.cpp">
      <Filter>Dx11</Filter>
    </ClCompile>
    <ClCompile Include="DX11\RenderTargetDX11.cpp">
      <Filter>Dx11</Filter>
    </ClCompile>
    <ClCompile Include="DX11\ShaderParameterDX11.cpp">
      <Filter>Dx11</Filter>
    </ClCompile>
    <ClCompile Include="DX11\ShaderDX11.cpp">
      <Filter>Dx11</Filter>
    </ClCompile>
    <ClCompile Include="DX11\StructuredBufferDX11.cpp">
      <Filter>Dx11</Filter>
    </ClCompile>
    <ClCompile Include="DX11\SubMeshDX11.cpp">
      <Filter>Dx11</Filter>
    </ClCompile>
    <ClCompile Include="DX11\GeometryDX11.cpp">
      <Filter>Dx11</Filter>
    </ClCompile>
    <ClCompile Include="DX11\ConstantBufferDX11.cpp">
      <Filter>Dx11</Filter>
    </ClCompile>
    <ClCompile Include="DX11\BufferManagerDX11.cpp">
      <Filter>Dx11</Filter>
    </ClCompile>
    <ClCompile Include="Graphics\Scene.cpp">
      <Filter>Scene</Filter>
    </ClCompile>
    <ClCompile Include="Math\Vector3.cpp">
      <Filter>Math</Filter>
    </ClCompile>
    <ClCompile Include="Math\Vector4.cpp">
      <Filter>Math</Filter>
    </ClCompile>
    <ClCompile Include="Graphics\AABB.cpp">
      <Filter>Math</Filter>
    </ClCompile>
    <ClCompile Include="Sample\TestSample.cpp">
      <Filter>Sample</Filter>
    </ClCompile>
    <ClCompile Include="Base\Timer.cpp">
      <Filter>Base</Filter>
    </ClCompile>
    <ClCompile Include="Graphics\ScreenSpaceRenderPass.cpp">
      <Filter>Graphics</Filter>
    </ClCompile>
    <ClCompile Include="Sample\SampleManager.cpp">
      <Filter>Sample</Filter>
    </ClCompile>
    <ClCompile Include="Graphics\Camera.cpp">
      <Filter>Graphics</Filter>
    </ClCompile>
    <ClCompile Include="Graphics\RenderPass.cpp">
      <Filter>Graphics</Filter>
    </ClCompile>
    <ClCompile Include="Graphics\Frustum.cpp">
      <Filter>Graphics</Filter>
    </ClCompile>
    <ClCompile Include="Graphics\IRenderable.cpp">
      <Filter>Graphics</Filter>
    </ClCompile>
    <ClCompile Include="Graphics\SDKMesh.cpp">
      <Filter>Graphics</Filter>
    </ClCompile>
    <ClCompile Include="Math\Plane.cpp">
      <Filter>Math</Filter>
    </ClCompile>
    <ClCompile Include="Math\Quaternion.cpp">
      <Filter>Math</Filter>
    </ClCompile>
    <ClCompile Include="Sample\ComputerShaderProcessTexture.cpp">
      <Filter>Sample</Filter>
    </ClCompile>
    <ClCompile Include="Sample\GPUParticleSample.cpp">
      <Filter>Sample</Filter>
    </ClCompile>
    <ClCompile Include="Sample\HeightMapTerrain.cpp">
      <Filter>Sample</Filter>
    </ClCompile>
    <ClCompile Include="Base\EventManager.cpp">
      <Filter>Base</Filter>
    </ClCompile>
    <ClCompile Include="SceneNode.cpp">
      <Filter>Scene</Filter>
    </ClCompile>
    <ClCompile Include="Graphics\RenderPipeline.cpp">
      <Filter>Graphics</Filter>
    </ClCompile>
    <ClCompile Include="DX11\HLSLDX11Resource.cpp">
      <Filter>Dx11</Filter>
    </ClCompile>
    <ClCompile Include="DX11\HLSLDX11Factory.cpp">
      <Filter>Dx11</Filter>
    </ClCompile>
    <ClCompile Include="Graphics\DeferredRenderLightPass.cpp">
      <Filter>Graphics</Filter>
    </ClCompile>
    <ClCompile Include="Graphics\ClearRenderTargetPass.cpp">
      <Filter>Graphics</Filter>
    </ClCompile>
    <ClCompile Include="Sample\SkySample.cpp">
      <Filter>Sample</Filter>
    </ClCompile>
    <ClCompile Include="Environment\Atmosphere\Reference\Functions.cpp">
      <Filter>Environment\Atmosphere\Reference</Filter>
    </ClCompile>
    <ClCompile Include="Math\Dimensional\test_case.cpp">
      <Filter>Math\Dimensional</Filter>
    </ClCompile>
    <ClCompile Include="Environment\Atmosphere\Reference\Functions_test.cpp">
      <Filter>Environment\Atmosphere\Reference</Filter>
    </ClCompile>
    <ClCompile Include="Environment\Atmosphere\Reference\SkyRenderCPUTest.cpp">
      <Filter>Environment\Atmosphere\Reference</Filter>
    </ClCompile>
    <ClCompile Include="Thread\Thread_CaseTest.cpp">
      <Filter>Thread</Filter>
    </ClCompile>
    <ClCompile Include="Environment\Atmosphere\Reference\Model.cpp">
      <Filter>Environment\Atmosphere\Reference</Filter>
    </ClCompile>
    <ClCompile Include="Environment\Atmosphere\Reference\Model_Test.cpp">
      <Filter>Environment\Atmosphere\Reference</Filter>
    </ClCompile>
    <ClCompile Include="DX11\Texture3dConfigDX11.cpp">
      <Filter>Dx11</Filter>
    </ClCompile>
    <ClCompile Include="DX11\Texture3dDX11.cpp">
      <Filter>Dx11</Filter>
    </ClCompile>
    <ClCompile Include="Environment\Atmosphere\Reference\SkyRenderGPUTest.cpp">
      <Filter>Environment\Atmosphere\Reference</Filter>
    </ClCompile>
    <ClCompile Include="Environment\Atmosphere\Reference\SkyRenderTest.cpp">
      <Filter>Environment\Atmosphere\Reference</Filter>
    </ClCompile>
    <ClCompile Include="Sample\Dxt5NMEnCodeSample.cpp">
      <Filter>Sample</Filter>
    </ClCompile>
    <ClCompile Include="SDK\TGAImage.cpp">
      <Filter>SDK</Filter>
    </ClCompile>
    <ClCompile Include="Base\HDRLoader.cpp">
      <Filter>Base</Filter>
    </ClCompile>
    <ClCompile Include="Sample\PreFilterEnvMapSample.cpp">
      <Filter>Sample</Filter>
    </ClCompile>
    <ClCompile Include="Graphics\GeometryGenerator.cpp">
      <Filter>Graphics</Filter>
    </ClCompile>
    <ClCompile Include="DX11\DirectXTexEXR.cpp">
      <Filter>Dx11</Filter>
    </ClCompile>
    <ClCompile Include="Sample\ExrFileIOSample.cpp">
      <Filter>Sample</Filter>
    </ClCompile>
    <ClCompile Include="Sample\Exr Sample\drawImage.cpp">
      <Filter>Sample\Exr Sample</Filter>
    </ClCompile>
    <ClCompile Include="Sample\Exr Sample\rgbaInterfaceTiledExamples.cpp">
      <Filter>Sample\Exr Sample</Filter>
    </ClCompile>
    <ClCompile Include="SDK\TGAImageExt.cpp">
      <Filter>SDK</Filter>
    </ClCompile>
    <ClCompile Include="Sample\TGALoaderSample.cpp">
      <Filter>Sample</Filter>
    </ClCompile>
  </ItemGroup>
  <ItemGroup>
    <None Include="..\bin\Assets\Shader\Deferred.hlsl">
      <Filter>Shader</Filter>
    </None>
    <None Include="..\bin\Assets\Shader\DeferredLighting.hlsl">
      <Filter>Shader</Filter>
    </None>
    <None Include="..\bin\Assets\Shader\DepthOnly.hlsl">
      <Filter>Shader</Filter>
    </None>
    <None Include="..\bin\Assets\Shader\HeightMapNormalCS.hlsl">
      <Filter>Shader</Filter>
    </None>
    <None Include="..\bin\Assets\Shader\HeightTerrain.hlsl">
      <Filter>Shader</Filter>
    </None>
    <None Include="..\bin\Assets\Shader\InvertColorCS.hlsl">
      <Filter>Shader</Filter>
    </None>
    <None Include="..\bin\Assets\Shader\Mesh.hlsl">
      <Filter>Shader</Filter>
    </None>
    <None Include="..\bin\Assets\Shader\MeshOnlyPos.hlsl">
      <Filter>Shader</Filter>
    </None>
    <None Include="..\bin\Assets\Shader\ParticleSystemInsertCS.hlsl">
      <Filter>Shader</Filter>
    </None>
    <None Include="..\bin\Assets\Shader\ParticleSystemRender.hlsl">
      <Filter>Shader</Filter>
    </None>
    <None Include="..\bin\Assets\Shader\ParticleSystemUpdateCS.hlsl">
      <Filter>Shader</Filter>
    </None>
    <None Include="..\bin\Assets\Shader\Sky.hlsl">
      <Filter>Shader</Filter>
    </None>
    <None Include="..\bin\Assets\Shader\SkyDefinitions.hlsl">
      <Filter>Shader</Filter>
    </None>
    <None Include="..\bin\Assets\Shader\SkyFuntion.hlsl">
      <Filter>Shader</Filter>
    </None>
    <None Include="..\bin\Assets\Shader\Test_CS.hlsl">
      <Filter>Shader</Filter>
    </None>
    <None Include="..\bin\Assets\Shader\TexturePS.hlsl">
      <Filter>Shader</Filter>
    </None>
    <None Include="..\bin\Assets\Shader\TextureVS.hlsl">
      <Filter>Shader</Filter>
    </None>
    <None Include="..\bin\Assets\Shader\Functions.hlsl">
      <Filter>Shader</Filter>
    </None>
    <None Include="..\bin\Assets\Shader\Model_Test.hlsl">
      <Filter>Shader</Filter>
    </None>
    <None Include="..\bin\Assets\Shader\MySkyTest.hlsl">
      <Filter>Shader</Filter>
    </None>
    <None Include="packages.config" />
  </ItemGroup>
</Project>